
Microsoft Visual Studio Solution File, Format Version 12.00
# Visual Studio Version 17
VisualStudioVersion = 17.11.35327.3
MinimumVisualStudioVersion = 10.0.40219.1
Project("{FAE04EC0-301F-11D3-BF4B-00C04F79EFBC}") = "Laboratorio 18", "Laboratorio 18\Laboratorio 18.csproj", "{E6E006A5-1C86-45A8-9AB7-E227865FA8E9}"
EndProject
Global
	GlobalSection(SolutionConfigurationPlatforms) = preSolution
		Debug|Any CPU = Debug|Any CPU
		Release|Any CPU = Release|Any CPU
	EndGlobalSection
	GlobalSection(ProjectConfigurationPlatforms) = postSolution
		{E6E006A5-1C86-45A8-9AB7-E227865FA8E9}.Debug|Any CPU.ActiveCfg = Debug|Any CPU
		{E6E006A5-1C86-45A8-9AB7-E227865FA8E9}.Debug|Any CPU.Build.0 = Debug|Any CPU
		{E6E006A5-1C86-45A8-9AB7-E227865FA8E9}.Release|Any CPU.ActiveCfg = Release|Any CPU
		{E6E006A5-1C86-45A8-9AB7-E227865FA8E9}.Release|Any CPU.Build.0 = Release|Any CPU
	EndGlobalSection
	GlobalSection(SolutionProperties) = preSolution
		HideSolutionNode = FALSE
	EndGlobalSection
	GlobalSection(ExtensibilityGlobals) = postSolution
		SolutionGuid = {74CA8066-8C8D-4D54-AAF0-4222D1558F17}
	EndGlobalSection
EndGlobal
