
Microsoft Visual Studio Solution File, Format Version 12.00
# Visual Studio Version 17
VisualStudioVersion = 17.14.36429.23 d17.14
MinimumVisualStudioVersion = 10.0.40219.1
Project("{FAE04EC0-301F-11D3-BF4B-00C04F79EFBC}") = "Laboratorio 16", "Laboratorio 16\Laboratorio 16.csproj", "{835DD7DB-E096-48A4-8ED3-7B8B7EED028D}"
EndProject
Global
	GlobalSection(SolutionConfigurationPlatforms) = preSolution
		Debug|Any CPU = Debug|Any CPU
		Release|Any CPU = Release|Any CPU
	EndGlobalSection
	GlobalSection(ProjectConfigurationPlatforms) = postSolution
		{835DD7DB-E096-48A4-8ED3-7B8B7EED028D}.Debug|Any CPU.ActiveCfg = Debug|Any CPU
		{835DD7DB-E096-48A4-8ED3-7B8B7EED028D}.Debug|Any CPU.Build.0 = Debug|Any CPU
		{835DD7DB-E096-48A4-8ED3-7B8B7EED028D}.Release|Any CPU.ActiveCfg = Release|Any CPU
		{835DD7DB-E096-48A4-8ED3-7B8B7EED028D}.Release|Any CPU.Build.0 = Release|Any CPU
	EndGlobalSection
	GlobalSection(SolutionProperties) = preSolution
		HideSolutionNode = FALSE
	EndGlobalSection
	GlobalSection(ExtensibilityGlobals) = postSolution
		SolutionGuid = {051B5987-C51B-4AFB-9CA5-2045BC9C9485}
	EndGlobalSection
EndGlobal
