
Microsoft Visual Studio Solution File, Format Version 12.00
# Visual Studio Version 17
VisualStudioVersion = 17.11.35327.3
MinimumVisualStudioVersion = 10.0.40219.1
Project("{FAE04EC0-301F-11D3-BF4B-00C04F79EFBC}") = "Laboratorio 7", "Laboratorio 7\Laboratorio 7.csproj", "{0C5411F5-1B38-48D9-BA9D-B7D45769A484}"
EndProject
Project("{FAE04EC0-301F-11D3-BF4B-00C04F79EFBC}") = "Laboratorio 7-2", "Laboratorio 7-2\Laboratorio 7-2.csproj", "{87BCB28C-5270-46B2-937E-65D5EB767244}"
EndProject
Global
	GlobalSection(SolutionConfigurationPlatforms) = preSolution
		Debug|Any CPU = Debug|Any CPU
		Release|Any CPU = Release|Any CPU
	EndGlobalSection
	GlobalSection(ProjectConfigurationPlatforms) = postSolution
		{0C5411F5-1B38-48D9-BA9D-B7D45769A484}.Debug|Any CPU.ActiveCfg = Debug|Any CPU
		{0C5411F5-1B38-48D9-BA9D-B7D45769A484}.Debug|Any CPU.Build.0 = Debug|Any CPU
		{0C5411F5-1B38-48D9-BA9D-B7D45769A484}.Release|Any CPU.ActiveCfg = Release|Any CPU
		{0C5411F5-1B38-48D9-BA9D-B7D45769A484}.Release|Any CPU.Build.0 = Release|Any CPU
		{87BCB28C-5270-46B2-937E-65D5EB767244}.Debug|Any CPU.ActiveCfg = Debug|Any CPU
		{87BCB28C-5270-46B2-937E-65D5EB767244}.Debug|Any CPU.Build.0 = Debug|Any CPU
		{87BCB28C-5270-46B2-937E-65D5EB767244}.Release|Any CPU.ActiveCfg = Release|Any CPU
		{87BCB28C-5270-46B2-937E-65D5EB767244}.Release|Any CPU.Build.0 = Release|Any CPU
	EndGlobalSection
	GlobalSection(SolutionProperties) = preSolution
		HideSolutionNode = FALSE
	EndGlobalSection
	GlobalSection(ExtensibilityGlobals) = postSolution
		SolutionGuid = {0BB2C8F1-8A9C-4E22-9ED4-B3B250C2F687}
	EndGlobalSection
EndGlobal
