
Microsoft Visual Studio Solution File, Format Version 12.00
# Visual Studio Version 17
VisualStudioVersion = 17.11.35327.3
MinimumVisualStudioVersion = 10.0.40219.1
Project("{FAE04EC0-301F-11D3-BF4B-00C04F79EFBC}") = "Laboratorio 19", "Laboratorio19\Laboratorio 19.csproj", "{A2DDF62D-697E-4838-8925-AC8FBBD7EC97}"
EndProject
Project("{FAE04EC0-301F-11D3-BF4B-00C04F79EFBC}") = "Laboratorio 19-2", "Laboratorio 19-2\Laboratorio 19-2.csproj", "{EF2A2B36-3615-4D4B-A233-7406BF92CEA8}"
EndProject
Project("{FAE04EC0-301F-11D3-BF4B-00C04F79EFBC}") = "Laboratorio 19-3", "Laboratorio 19-3\Laboratorio 19-3.csproj", "{522A1D2C-3190-44A5-A4E1-5104FAECBDFB}"
EndProject
Global
	GlobalSection(SolutionConfigurationPlatforms) = preSolution
		Debug|Any CPU = Debug|Any CPU
		Release|Any CPU = Release|Any CPU
	EndGlobalSection
	GlobalSection(ProjectConfigurationPlatforms) = postSolution
		{A2DDF62D-697E-4838-8925-AC8FBBD7EC97}.Debug|Any CPU.ActiveCfg = Debug|Any CPU
		{A2DDF62D-697E-4838-8925-AC8FBBD7EC97}.Debug|Any CPU.Build.0 = Debug|Any CPU
		{A2DDF62D-697E-4838-8925-AC8FBBD7EC97}.Release|Any CPU.ActiveCfg = Release|Any CPU
		{A2DDF62D-697E-4838-8925-AC8FBBD7EC97}.Release|Any CPU.Build.0 = Release|Any CPU
		{EF2A2B36-3615-4D4B-A233-7406BF92CEA8}.Debug|Any CPU.ActiveCfg = Debug|Any CPU
		{EF2A2B36-3615-4D4B-A233-7406BF92CEA8}.Debug|Any CPU.Build.0 = Debug|Any CPU
		{EF2A2B36-3615-4D4B-A233-7406BF92CEA8}.Release|Any CPU.ActiveCfg = Release|Any CPU
		{EF2A2B36-3615-4D4B-A233-7406BF92CEA8}.Release|Any CPU.Build.0 = Release|Any CPU
		{522A1D2C-3190-44A5-A4E1-5104FAECBDFB}.Debug|Any CPU.ActiveCfg = Debug|Any CPU
		{522A1D2C-3190-44A5-A4E1-5104FAECBDFB}.Debug|Any CPU.Build.0 = Debug|Any CPU
		{522A1D2C-3190-44A5-A4E1-5104FAECBDFB}.Release|Any CPU.ActiveCfg = Release|Any CPU
		{522A1D2C-3190-44A5-A4E1-5104FAECBDFB}.Release|Any CPU.Build.0 = Release|Any CPU
	EndGlobalSection
	GlobalSection(SolutionProperties) = preSolution
		HideSolutionNode = FALSE
	EndGlobalSection
	GlobalSection(ExtensibilityGlobals) = postSolution
		SolutionGuid = {E1BACDD1-C614-4315-AC7C-E8A51E6D068D}
	EndGlobalSection
EndGlobal
